{
    "_readme": [
        "This file locks the dependencies of your project to a known state",
        "Read more about it at https://getcomposer.org/doc/01-basic-usage.md#composer-lock-the-lock-file",
        "This file is @generated automatically"
    ],
    "content-hash": "0e6c27e3b04fcb5854458d5baa955022",
    "packages": [
        {
            "name": "hobnob/xml-stream-reader",
            "version": "v1.0.8",
            "source": {
                "type": "git",
                "url": "https://github.com/hobnob/xmlStreamReader.git",
                "reference": "fc26cbc5d5802fa5db7d46277ae6cc9bf4c4ee3e"
            },
            "dist": {
                "type": "zip",
                "url": "https://api.github.com/repos/hobnob/xmlStreamReader/zipball/fc26cbc5d5802fa5db7d46277ae6cc9bf4c4ee3e",
                "reference": "fc26cbc5d5802fa5db7d46277ae6cc9bf4c4ee3e",
                "shasum": ""
            },
            "require": {
                "php": ">=5.3.0"
            },
            "require-dev": {
                "phpunit/phpunit": "4.*"
            },
            "type": "library",
            "autoload": {
                "psr-0": {
                    "Hobnob\\XmlStreamReader": "/classes/"
                }
            },
            "notification-url": "https://packagist.org/downloads/",
            "license": [
                "MIT"
            ],
            "authors": [
                {
                    "name": "David North",
                    "role": "Developer"
                }
            ],
            "description": "PHP SAX XML Stream Reader",
            "homepage": "https://github.com/hobnob/xmlStreamReader",
            "keywords": [
                "stream",
                "xml"
            ],
            "time": "2015-03-10T15:52:44+00:00"
        }
    ],
    "packages-dev": [
        {
            "name": "tracy/tracy",
            "version": "v2.4.6",
            "source": {
                "type": "git",
                "url": "https://github.com/nette/tracy.git",
                "reference": "c9fbca15b0a11d904c7783b7aad114182618d8d4"
            },
            "dist": {
                "type": "zip",
                "url": "https://api.github.com/repos/nette/tracy/zipball/c9fbca15b0a11d904c7783b7aad114182618d8d4",
                "reference": "c9fbca15b0a11d904c7783b7aad114182618d8d4",
                "shasum": ""
            },
            "require": {
                "ext-json": "*",
                "ext-session": "*",
                "php": ">=5.4.4"
            },
            "require-dev": {
                "nette/di": "~2.3",
                "nette/tester": "~2.0"
            },
            "type": "library",
            "extra": {
                "branch-alias": {
                    "dev-master": "2.4-dev"
                }
            },
            "autoload": {
                "classmap": [
                    "src"
                ],
                "files": [
                    "src/shortcuts.php"
                ]
            },
            "notification-url": "https://packagist.org/downloads/",
            "license": [
                "BSD-3-Clause",
                "GPL-2.0",
                "GPL-3.0"
            ],
            "authors": [
                {
                    "name": "David Grudl",
                    "homepage": "https://davidgrudl.com"
                },
                {
                    "name": "Nette Community",
                    "homepage": "https://nette.org/contributors"
                }
            ],
            "description": "Tracy: useful PHP debugger",
            "homepage": "https://tracy.nette.org",
            "keywords": [
                "debug",
                "debugger",
                "nette"
            ],
            "time": "2017-01-29T19:39:20+00:00"
        }
    ],
    "aliases": [],
    "minimum-stability": "stable",
    "stability-flags": [],
    "prefer-stable": false,
    "prefer-lowest": false,
    "platform": [],
    "platform-dev": []
}
